
Microsoft Visual Studio Solution File, Format Version 12.00
# Visual Studio Version 16
VisualStudioVersion = 16.0.31911.196
MinimumVisualStudioVersion = 10.0.40219.1
Project("{FAE04EC0-301F-11D3-BF4B-00C04F79EFBC}") = "StockTrack", "StockTrack\StockTrack.csproj", "{29F856FB-7A2E-4CF8-AD0B-F9809ACFD573}"
EndProject
Global
	GlobalSection(SolutionConfigurationPlatforms) = preSolution
		Debug|Any CPU = Debug|Any CPU
		Release|Any CPU = Release|Any CPU
	EndGlobalSection
	GlobalSection(ProjectConfigurationPlatforms) = postSolution
		{29F856FB-7A2E-4CF8-AD0B-F9809ACFD573}.Debug|Any CPU.ActiveCfg = Debug|Any CPU
		{29F856FB-7A2E-4CF8-AD0B-F9809ACFD573}.Debug|Any CPU.Build.0 = Debug|Any CPU
		{29F856FB-7A2E-4CF8-AD0B-F9809ACFD573}.Release|Any CPU.ActiveCfg = Release|Any CPU
		{29F856FB-7A2E-4CF8-AD0B-F9809ACFD573}.Release|Any CPU.Build.0 = Release|Any CPU
	EndGlobalSection
	GlobalSection(SolutionProperties) = preSolution
		HideSolutionNode = FALSE
	EndGlobalSection
	GlobalSection(ExtensibilityGlobals) = postSolution
		SolutionGuid = {B8214084-95BC-405D-AACA-1FD358ECA549}
	EndGlobalSection
EndGlobal
